// !$*UTF8*$!
{
	archiveVersion = 1;
	classes = {
	};
	objectVersion = 51;
	objects = {

/* Begin PBXBuildFile section */
		3702B557240D6B7700C77002 /* Person.swift in Sources */ = {isa = PBXBuildFile; fileRef = 3702B556240D6B7700C77002 /* Person.swift */; };
		3702B55B240DA38300C77002 /* UserSetupController.swift in Sources */ = {isa = PBXBuildFile; fileRef = 3702B55A240DA38300C77002 /* UserSetupController.swift */; };
		3704184323832D7100F3B296 /* DateButton.swift in Sources */ = {isa = PBXBuildFile; fileRef = 3704184223832D7100F3B296 /* DateButton.swift */; };
		3713FFE5237F433C000D1E50 /* Weight.swift in Sources */ = {isa = PBXBuildFile; fileRef = 3713FFE4237F433C000D1E50 /* Weight.swift */; };
		3723E68C23B4CFF3003C1EB0 /* Weight+Firestore.swift in Sources */ = {isa = PBXBuildFile; fileRef = 3723E68B23B4CFF3003C1EB0 /* Weight+Firestore.swift */; };
		37241ABD22CD127800AF85AB /* MealDetailCell.swift in Sources */ = {isa = PBXBuildFile; fileRef = 37241ABC22CD127800AF85AB /* MealDetailCell.swift */; };
		372E70DD2381A783001DCB06 /* MoreViewController.swift in Sources */ = {isa = PBXBuildFile; fileRef = 372E70DC2381A783001DCB06 /* MoreViewController.swift */; };
		372F5A612301C375006A8665 /* FoodDetailViewController.swift in Sources */ = {isa = PBXBuildFile; fileRef = 372F5A602301C374006A8665 /* FoodDetailViewController.swift */; };
		37360AF22351D62E00AA02A2 /* DayNutritionCell.swift in Sources */ = {isa = PBXBuildFile; fileRef = 37360AF02351D62E00AA02A2 /* DayNutritionCell.swift */; };
		37360AF32351D62E00AA02A2 /* DayNutritionCell.xib in Resources */ = {isa = PBXBuildFile; fileRef = 37360AF12351D62E00AA02A2 /* DayNutritionCell.xib */; };
		37360AF523520BC000AA02A2 /* DayNutritionViewController.swift in Sources */ = {isa = PBXBuildFile; fileRef = 37360AF423520BC000AA02A2 /* DayNutritionViewController.swift */; };
		37360AF723520BCC00AA02A2 /* WeekNutritionViewController.swift in Sources */ = {isa = PBXBuildFile; fileRef = 37360AF623520BCC00AA02A2 /* WeekNutritionViewController.swift */; };
		37360AF923520BE300AA02A2 /* MonthNutritionViewController.swift in Sources */ = {isa = PBXBuildFile; fileRef = 37360AF823520BE300AA02A2 /* MonthNutritionViewController.swift */; };
		37360AFC2352150700AA02A2 /* BarChartNutritionCell.swift in Sources */ = {isa = PBXBuildFile; fileRef = 37360AFA2352150700AA02A2 /* BarChartNutritionCell.swift */; };
		37360AFD2352150700AA02A2 /* BarChartNutritionCell.xib in Resources */ = {isa = PBXBuildFile; fileRef = 37360AFB2352150700AA02A2 /* BarChartNutritionCell.xib */; };
		374BC02522BABA8800013610 /* Food.swift in Sources */ = {isa = PBXBuildFile; fileRef = 374BC02422BABA8800013610 /* Food.swift */; };
		374DA76423F5D65A008D116B /* MyFoodJournalTests.swift in Sources */ = {isa = PBXBuildFile; fileRef = 374DA76323F5D65A008D116B /* MyFoodJournalTests.swift */; };
		37563BD822C69E8F0032D94E /* NewEntryViewController.swift in Sources */ = {isa = PBXBuildFile; fileRef = 37563BD722C69E8F0032D94E /* NewEntryViewController.swift */; };
		37653D1A22FCB55E00B32E5B /* Montserrat-Bold.otf in Resources */ = {isa = PBXBuildFile; fileRef = 37653D1922FCB55E00B32E5B /* Montserrat-Bold.otf */; };
		37653D1C22FCB5C700B32E5B /* Montserrat-SemiBold.otf in Resources */ = {isa = PBXBuildFile; fileRef = 37653D1B22FCB5C700B32E5B /* Montserrat-SemiBold.otf */; };
		376CD1D4238F045F00257076 /* RegisterViewController.swift in Sources */ = {isa = PBXBuildFile; fileRef = 376CD1D3238F045F00257076 /* RegisterViewController.swift */; };
		376CD1D6238F046900257076 /* LogInViewController.swift in Sources */ = {isa = PBXBuildFile; fileRef = 376CD1D5238F046900257076 /* LogInViewController.swift */; };
		376CD1D8238F095000257076 /* LogInTextField.swift in Sources */ = {isa = PBXBuildFile; fileRef = 376CD1D7238F095000257076 /* LogInTextField.swift */; };
		377208B52291A1F8002DDA29 /* AppDelegate.swift in Sources */ = {isa = PBXBuildFile; fileRef = 377208B42291A1F8002DDA29 /* AppDelegate.swift */; };
		377208B72291A1F8002DDA29 /* OverviewViewController.swift in Sources */ = {isa = PBXBuildFile; fileRef = 377208B62291A1F8002DDA29 /* OverviewViewController.swift */; };
		377208BA2291A1F8002DDA29 /* Main.storyboard in Resources */ = {isa = PBXBuildFile; fileRef = 377208B82291A1F8002DDA29 /* Main.storyboard */; };
		377208BF2291A1FA002DDA29 /* Assets.xcassets in Resources */ = {isa = PBXBuildFile; fileRef = 377208BE2291A1FA002DDA29 /* Assets.xcassets */; };
		377208C22291A1FA002DDA29 /* LaunchScreen.storyboard in Resources */ = {isa = PBXBuildFile; fileRef = 377208C02291A1FA002DDA29 /* LaunchScreen.storyboard */; };
		377208D22291B002002DDA29 /* MealOverviewCell.swift in Sources */ = {isa = PBXBuildFile; fileRef = 377208D02291B002002DDA29 /* MealOverviewCell.swift */; };
		377208D32291B002002DDA29 /* MealOverviewCell.xib in Resources */ = {isa = PBXBuildFile; fileRef = 377208D12291B002002DDA29 /* MealOverviewCell.xib */; };
		3779430223F9A80900D6CF7D /* More.storyboard in Resources */ = {isa = PBXBuildFile; fileRef = 3779430123F9A80900D6CF7D /* More.storyboard */; };
		3779430423F9AB7C00D6CF7D /* Weight.storyboard in Resources */ = {isa = PBXBuildFile; fileRef = 3779430323F9AB7C00D6CF7D /* Weight.storyboard */; };
		3779430623F9AE4500D6CF7D /* Nutrition.storyboard in Resources */ = {isa = PBXBuildFile; fileRef = 3779430523F9AE4500D6CF7D /* Nutrition.storyboard */; };
		3779430823F9AEEB00D6CF7D /* Overview.storyboard in Resources */ = {isa = PBXBuildFile; fileRef = 3779430723F9AEEB00D6CF7D /* Overview.storyboard */; };
		3779430A23F9AF4900D6CF7D /* NewEntry.storyboard in Resources */ = {isa = PBXBuildFile; fileRef = 3779430923F9AF4900D6CF7D /* NewEntry.storyboard */; };
		377A57D2233F896100D816DD /* Color.swift in Sources */ = {isa = PBXBuildFile; fileRef = 377A57D1233F896100D816DD /* Color.swift */; };
		377C1C782409B361004BEF8B /* FoodDetail.storyboard in Resources */ = {isa = PBXBuildFile; fileRef = 377C1C772409B361004BEF8B /* FoodDetail.storyboard */; };
		377C9BFA236DBA6A008165DA /* WeightViewController.swift in Sources */ = {isa = PBXBuildFile; fileRef = 377C9BF9236DBA6A008165DA /* WeightViewController.swift */; };
		3786E4E4240ACC5B00A62FB0 /* CodableStructsFood.swift in Sources */ = {isa = PBXBuildFile; fileRef = 3786E4E3240ACC5B00A62FB0 /* CodableStructsFood.swift */; };
		3786E4E6240ACFC000A62FB0 /* TextFieldExtension.swift in Sources */ = {isa = PBXBuildFile; fileRef = 3786E4E5240ACFC000A62FB0 /* TextFieldExtension.swift */; };
		3786E4E9240ADA4300A62FB0 /* DatabaseServices.swift in Sources */ = {isa = PBXBuildFile; fileRef = 3786E4E8240ADA4300A62FB0 /* DatabaseServices.swift */; };
		3787558C240ABBD7000CA3C8 /* DoubleExtension.swift in Sources */ = {isa = PBXBuildFile; fileRef = 3787558B240ABBD7000CA3C8 /* DoubleExtension.swift */; };
		3787558E240ABC20000CA3C8 /* NewEntryProtocol.swift in Sources */ = {isa = PBXBuildFile; fileRef = 3787558D240ABC20000CA3C8 /* NewEntryProtocol.swift */; };
		37875590240ABC50000CA3C8 /* UIViewControllerExtension.swift in Sources */ = {isa = PBXBuildFile; fileRef = 3787558F240ABC50000CA3C8 /* UIViewControllerExtension.swift */; };
		37875592240ABCB4000CA3C8 /* DateExtension.swift in Sources */ = {isa = PBXBuildFile; fileRef = 37875591240ABCB4000CA3C8 /* DateExtension.swift */; };
		37875594240ABD4A000CA3C8 /* WeightProtocol.swift in Sources */ = {isa = PBXBuildFile; fileRef = 37875593240ABD4A000CA3C8 /* WeightProtocol.swift */; };
		378917C022C8DC3B00571181 /* BarcodeScannerViewController.swift in Sources */ = {isa = PBXBuildFile; fileRef = 378917BF22C8DC3B00571181 /* BarcodeScannerViewController.swift */; };
		378A01122323FD250035C803 /* Montserrat-Medium.otf in Resources */ = {isa = PBXBuildFile; fileRef = 378A01112323FD250035C803 /* Montserrat-Medium.otf */; };
		378F9199231AC204007142AA /* FoodHistoryCell.swift in Sources */ = {isa = PBXBuildFile; fileRef = 378F9198231AC204007142AA /* FoodHistoryCell.swift */; };
		379DB00622B2EBB300F3DC5B /* MealDetailViewController.swift in Sources */ = {isa = PBXBuildFile; fileRef = 379DB00522B2EBB300F3DC5B /* MealDetailViewController.swift */; };
		37A07E3D22DD029F00E4A351 /* Montserrat-ExtraLight.otf in Resources */ = {isa = PBXBuildFile; fileRef = 37A07E3C22DD029F00E4A351 /* Montserrat-ExtraLight.otf */; };
		37A07E3F22DD02CA00E4A351 /* Montserrat-Thin.otf in Resources */ = {isa = PBXBuildFile; fileRef = 37A07E3E22DD02CA00E4A351 /* Montserrat-Thin.otf */; };
		37A07E4122DD02D700E4A351 /* Montserrat-Light.otf in Resources */ = {isa = PBXBuildFile; fileRef = 37A07E4022DD02D700E4A351 /* Montserrat-Light.otf */; };
		37A07E4322DD04C000E4A351 /* Montserrat-Regular.otf in Resources */ = {isa = PBXBuildFile; fileRef = 37A07E4222DD04C000E4A351 /* Montserrat-Regular.otf */; };
		37A8AEB523A2DDFE002DCA43 /* Food+Firestore.swift in Sources */ = {isa = PBXBuildFile; fileRef = 37A8AEB423A2DDFE002DCA43 /* Food+Firestore.swift */; };
		37B9BD3F23CB9F3000864540 /* MyAccountViewController.swift in Sources */ = {isa = PBXBuildFile; fileRef = 37B9BD3E23CB9F3000864540 /* MyAccountViewController.swift */; };
		37BBEBFA235659F600D390E5 /* LineChartCell.swift in Sources */ = {isa = PBXBuildFile; fileRef = 37BBEBF8235659F600D390E5 /* LineChartCell.swift */; };
		37BBEBFB235659F600D390E5 /* LineChartCell.xib in Resources */ = {isa = PBXBuildFile; fileRef = 37BBEBF9235659F600D390E5 /* LineChartCell.xib */; };
		37BEA92123DE1E5F003983B9 /* ForgotPasswordViewController.swift in Sources */ = {isa = PBXBuildFile; fileRef = 37BEA92023DE1E5F003983B9 /* ForgotPasswordViewController.swift */; };
		37BEA92423DF2C80003983B9 /* Minya-Nouvelle-Regular.ttf in Resources */ = {isa = PBXBuildFile; fileRef = 37BEA92223DF2C80003983B9 /* Minya-Nouvelle-Regular.ttf */; };
		37BEA92523DF2C80003983B9 /* Minya-Nouvelle-Bold.ttf in Resources */ = {isa = PBXBuildFile; fileRef = 37BEA92323DF2C80003983B9 /* Minya-Nouvelle-Bold.ttf */; };
		37C2E37C2387365B006A4C51 /* WelcomeViewController.swift in Sources */ = {isa = PBXBuildFile; fileRef = 37C2E37B2387365B006A4C51 /* WelcomeViewController.swift */; };
		37CA772D22A1BB4F00C03A06 /* ManualEntryViewController.swift in Sources */ = {isa = PBXBuildFile; fileRef = 37CA772C22A1BB4F00C03A06 /* ManualEntryViewController.swift */; };
		37CB4B9E2405C19C0004FD71 /* GoogleService-Info.plist in Resources */ = {isa = PBXBuildFile; fileRef = 37CB4B9D2405C19C0004FD71 /* GoogleService-Info.plist */; };
		37CB4B9F2405C19C0004FD71 /* GoogleService-Info.plist in Resources */ = {isa = PBXBuildFile; fileRef = 37CB4B9D2405C19C0004FD71 /* GoogleService-Info.plist */; };
		37D5136F23D4A8AF00780CD1 /* StatsViewController.swift in Sources */ = {isa = PBXBuildFile; fileRef = 37D5136E23D4A8AF00780CD1 /* StatsViewController.swift */; };
		37D5137123D4BA1800780CD1 /* GoalsViewController.swift in Sources */ = {isa = PBXBuildFile; fileRef = 37D5137023D4BA1800780CD1 /* GoalsViewController.swift */; };
		37D5137323D4BC0D00780CD1 /* UserDefaultsKeys.swift in Sources */ = {isa = PBXBuildFile; fileRef = 37D5137223D4BC0D00780CD1 /* UserDefaultsKeys.swift */; };
		37DE59D722D1055D00079A6A /* OverviewPageViewController.swift in Sources */ = {isa = PBXBuildFile; fileRef = 37DE59D622D1055D00079A6A /* OverviewPageViewController.swift */; };
		37DE71072351097900B1C4AC /* NutritionViewController.swift in Sources */ = {isa = PBXBuildFile; fileRef = 37DE71062351097900B1C4AC /* NutritionViewController.swift */; };
		37E0C03323800020005FEB29 /* NewWeightEntryViewController.swift in Sources */ = {isa = PBXBuildFile; fileRef = 37E0C03223800020005FEB29 /* NewWeightEntryViewController.swift */; };
		37F46B5423EB53BF00DA2140 /* AboutViewController.swift in Sources */ = {isa = PBXBuildFile; fileRef = 37F46B5323EB53BF00DA2140 /* AboutViewController.swift */; };
		37F6DD4E23F8709200B2D9A5 /* LaunchScreenController.storyboard in Resources */ = {isa = PBXBuildFile; fileRef = 37F6DD4D23F8709200B2D9A5 /* LaunchScreenController.storyboard */; };
		37F6DD5023F8713400B2D9A5 /* LaunchScreenController.swift in Sources */ = {isa = PBXBuildFile; fileRef = 37F6DD4F23F8713400B2D9A5 /* LaunchScreenController.swift */; };
		D008C464E9605EC2BFF5BC3B /* Pods_MyFoodJournalTests.framework in Frameworks */ = {isa = PBXBuildFile; fileRef = F06D6127FA188B35C7FBBF2B /* Pods_MyFoodJournalTests.framework */; };
		EF38484BA3DE88523128F41E /* Pods_MyFoodJournal.framework in Frameworks */ = {isa = PBXBuildFile; fileRef = C4D96D2CAD508C4C19EC293A /* Pods_MyFoodJournal.framework */; };
/* End PBXBuildFile section */

/* Begin PBXContainerItemProxy section */
		374DA76623F5D65A008D116B /* PBXContainerItemProxy */ = {
			isa = PBXContainerItemProxy;
			containerPortal = 377208A92291A1F8002DDA29 /* Project object */;
			proxyType = 1;
			remoteGlobalIDString = 377208B02291A1F8002DDA29;
			remoteInfo = "My Food Diary";
		};
/* End PBXContainerItemProxy section */

/* Begin PBXFileReference section */
		10E32B840DC7A266A9830B25 /* Pods-Eat Me.release.xcconfig */ = {isa = PBXFileReference; includeInIndex = 1; lastKnownFileType = text.xcconfig; name = "Pods-Eat Me.release.xcconfig"; path = "Target Support Files/Pods-Eat Me/Pods-Eat Me.release.xcconfig"; sourceTree = "<group>"; };
		1AE43704802C8304B38DB705 /* Pods-MyFoodDiaryTests.debug.xcconfig */ = {isa = PBXFileReference; includeInIndex = 1; lastKnownFileType = text.xcconfig; name = "Pods-MyFoodDiaryTests.debug.xcconfig"; path = "Target Support Files/Pods-MyFoodDiaryTests/Pods-MyFoodDiaryTests.debug.xcconfig"; sourceTree = "<group>"; };
		1F59D4FF47363F0171069D40 /* Pods-MyFoodJournal.debug.xcconfig */ = {isa = PBXFileReference; includeInIndex = 1; lastKnownFileType = text.xcconfig; name = "Pods-MyFoodJournal.debug.xcconfig"; path = "Target Support Files/Pods-MyFoodJournal/Pods-MyFoodJournal.debug.xcconfig"; sourceTree = "<group>"; };
		2C593C770C04CCCE21F115B0 /* Pods-Eat Me.debug.xcconfig */ = {isa = PBXFileReference; includeInIndex = 1; lastKnownFileType = text.xcconfig; name = "Pods-Eat Me.debug.xcconfig"; path = "Target Support Files/Pods-Eat Me/Pods-Eat Me.debug.xcconfig"; sourceTree = "<group>"; };
		2CB50708952077951C0E61E5 /* Pods-MyFoodJournalTests.release.xcconfig */ = {isa = PBXFileReference; includeInIndex = 1; lastKnownFileType = text.xcconfig; name = "Pods-MyFoodJournalTests.release.xcconfig"; path = "Target Support Files/Pods-MyFoodJournalTests/Pods-MyFoodJournalTests.release.xcconfig"; sourceTree = "<group>"; };
		3702B556240D6B7700C77002 /* Person.swift */ = {isa = PBXFileReference; lastKnownFileType = sourcecode.swift; path = Person.swift; sourceTree = "<group>"; };
		3702B55A240DA38300C77002 /* UserSetupController.swift */ = {isa = PBXFileReference; lastKnownFileType = sourcecode.swift; path = UserSetupController.swift; sourceTree = "<group>"; };
		3704184223832D7100F3B296 /* DateButton.swift */ = {isa = PBXFileReference; lastKnownFileType = sourcecode.swift; path = DateButton.swift; sourceTree = "<group>"; };
		3713FFE4237F433C000D1E50 /* Weight.swift */ = {isa = PBXFileReference; lastKnownFileType = sourcecode.swift; path = Weight.swift; sourceTree = "<group>"; };
		3723E68B23B4CFF3003C1EB0 /* Weight+Firestore.swift */ = {isa = PBXFileReference; lastKnownFileType = sourcecode.swift; path = "Weight+Firestore.swift"; sourceTree = "<group>"; };
		37241ABC22CD127800AF85AB /* MealDetailCell.swift */ = {isa = PBXFileReference; lastKnownFileType = sourcecode.swift; path = MealDetailCell.swift; sourceTree = "<group>"; };
		372E70DC2381A783001DCB06 /* MoreViewController.swift */ = {isa = PBXFileReference; lastKnownFileType = sourcecode.swift; path = MoreViewController.swift; sourceTree = "<group>"; };
		372F5A602301C374006A8665 /* FoodDetailViewController.swift */ = {isa = PBXFileReference; lastKnownFileType = sourcecode.swift; path = FoodDetailViewController.swift; sourceTree = "<group>"; };
		37360AF02351D62E00AA02A2 /* DayNutritionCell.swift */ = {isa = PBXFileReference; lastKnownFileType = sourcecode.swift; path = DayNutritionCell.swift; sourceTree = "<group>"; };
		37360AF12351D62E00AA02A2 /* DayNutritionCell.xib */ = {isa = PBXFileReference; lastKnownFileType = file.xib; path = DayNutritionCell.xib; sourceTree = "<group>"; };
		37360AF423520BC000AA02A2 /* DayNutritionViewController.swift */ = {isa = PBXFileReference; lastKnownFileType = sourcecode.swift; path = DayNutritionViewController.swift; sourceTree = "<group>"; };
		37360AF623520BCC00AA02A2 /* WeekNutritionViewController.swift */ = {isa = PBXFileReference; lastKnownFileType = sourcecode.swift; path = WeekNutritionViewController.swift; sourceTree = "<group>"; };
		37360AF823520BE300AA02A2 /* MonthNutritionViewController.swift */ = {isa = PBXFileReference; lastKnownFileType = sourcecode.swift; path = MonthNutritionViewController.swift; sourceTree = "<group>"; };
		37360AFA2352150700AA02A2 /* BarChartNutritionCell.swift */ = {isa = PBXFileReference; lastKnownFileType = sourcecode.swift; path = BarChartNutritionCell.swift; sourceTree = "<group>"; };
		37360AFB2352150700AA02A2 /* BarChartNutritionCell.xib */ = {isa = PBXFileReference; lastKnownFileType = file.xib; path = BarChartNutritionCell.xib; sourceTree = "<group>"; };
		374BC02422BABA8800013610 /* Food.swift */ = {isa = PBXFileReference; lastKnownFileType = sourcecode.swift; path = Food.swift; sourceTree = "<group>"; };
		374DA76123F5D65A008D116B /* MyFoodJournalTests.xctest */ = {isa = PBXFileReference; explicitFileType = wrapper.cfbundle; includeInIndex = 0; path = MyFoodJournalTests.xctest; sourceTree = BUILT_PRODUCTS_DIR; };
		374DA76323F5D65A008D116B /* MyFoodJournalTests.swift */ = {isa = PBXFileReference; lastKnownFileType = sourcecode.swift; path = MyFoodJournalTests.swift; sourceTree = "<group>"; };
		374DA76523F5D65A008D116B /* Info.plist */ = {isa = PBXFileReference; lastKnownFileType = text.plist.xml; path = Info.plist; sourceTree = "<group>"; };
		37563BD722C69E8F0032D94E /* NewEntryViewController.swift */ = {isa = PBXFileReference; lastKnownFileType = sourcecode.swift; path = NewEntryViewController.swift; sourceTree = "<group>"; };
		37653D1922FCB55E00B32E5B /* Montserrat-Bold.otf */ = {isa = PBXFileReference; lastKnownFileType = file; path = "Montserrat-Bold.otf"; sourceTree = "<group>"; };
		37653D1B22FCB5C700B32E5B /* Montserrat-SemiBold.otf */ = {isa = PBXFileReference; lastKnownFileType = file; path = "Montserrat-SemiBold.otf"; sourceTree = "<group>"; };
		376CD1D3238F045F00257076 /* RegisterViewController.swift */ = {isa = PBXFileReference; lastKnownFileType = sourcecode.swift; path = RegisterViewController.swift; sourceTree = "<group>"; };
		376CD1D5238F046900257076 /* LogInViewController.swift */ = {isa = PBXFileReference; lastKnownFileType = sourcecode.swift; path = LogInViewController.swift; sourceTree = "<group>"; };
		376CD1D7238F095000257076 /* LogInTextField.swift */ = {isa = PBXFileReference; lastKnownFileType = sourcecode.swift; path = LogInTextField.swift; sourceTree = "<group>"; };
		377208B12291A1F8002DDA29 /* MyFoodJournal.app */ = {isa = PBXFileReference; explicitFileType = wrapper.application; includeInIndex = 0; path = MyFoodJournal.app; sourceTree = BUILT_PRODUCTS_DIR; };
		377208B42291A1F8002DDA29 /* AppDelegate.swift */ = {isa = PBXFileReference; lastKnownFileType = sourcecode.swift; path = AppDelegate.swift; sourceTree = "<group>"; };
		377208B62291A1F8002DDA29 /* OverviewViewController.swift */ = {isa = PBXFileReference; lastKnownFileType = sourcecode.swift; path = OverviewViewController.swift; sourceTree = "<group>"; };
		377208B92291A1F8002DDA29 /* Base */ = {isa = PBXFileReference; lastKnownFileType = file.storyboard; name = Base; path = Base.lproj/Main.storyboard; sourceTree = "<group>"; };
		377208BE2291A1FA002DDA29 /* Assets.xcassets */ = {isa = PBXFileReference; lastKnownFileType = folder.assetcatalog; path = Assets.xcassets; sourceTree = "<group>"; };
		377208C12291A1FA002DDA29 /* Base */ = {isa = PBXFileReference; lastKnownFileType = file.storyboard; name = Base; path = Base.lproj/LaunchScreen.storyboard; sourceTree = "<group>"; };
		377208C32291A1FA002DDA29 /* Info.plist */ = {isa = PBXFileReference; lastKnownFileType = text.plist.xml; path = Info.plist; sourceTree = "<group>"; };
		377208D02291B002002DDA29 /* MealOverviewCell.swift */ = {isa = PBXFileReference; lastKnownFileType = sourcecode.swift; path = MealOverviewCell.swift; sourceTree = "<group>"; };
		377208D12291B002002DDA29 /* MealOverviewCell.xib */ = {isa = PBXFileReference; lastKnownFileType = file.xib; path = MealOverviewCell.xib; sourceTree = "<group>"; };
		3779430123F9A80900D6CF7D /* More.storyboard */ = {isa = PBXFileReference; lastKnownFileType = file.storyboard; path = More.storyboard; sourceTree = "<group>"; };
		3779430323F9AB7C00D6CF7D /* Weight.storyboard */ = {isa = PBXFileReference; lastKnownFileType = file.storyboard; path = Weight.storyboard; sourceTree = "<group>"; };
		3779430523F9AE4500D6CF7D /* Nutrition.storyboard */ = {isa = PBXFileReference; lastKnownFileType = file.storyboard; path = Nutrition.storyboard; sourceTree = "<group>"; };
		3779430723F9AEEB00D6CF7D /* Overview.storyboard */ = {isa = PBXFileReference; lastKnownFileType = file.storyboard; path = Overview.storyboard; sourceTree = "<group>"; };
		3779430923F9AF4900D6CF7D /* NewEntry.storyboard */ = {isa = PBXFileReference; lastKnownFileType = file.storyboard; path = NewEntry.storyboard; sourceTree = "<group>"; };
		377A57D1233F896100D816DD /* Color.swift */ = {isa = PBXFileReference; lastKnownFileType = sourcecode.swift; path = Color.swift; sourceTree = "<group>"; };
		377C1C772409B361004BEF8B /* FoodDetail.storyboard */ = {isa = PBXFileReference; lastKnownFileType = file.storyboard; path = FoodDetail.storyboard; sourceTree = "<group>"; };
		377C9BF9236DBA6A008165DA /* WeightViewController.swift */ = {isa = PBXFileReference; lastKnownFileType = sourcecode.swift; path = WeightViewController.swift; sourceTree = "<group>"; };
		3786E4E3240ACC5B00A62FB0 /* CodableStructsFood.swift */ = {isa = PBXFileReference; lastKnownFileType = sourcecode.swift; path = CodableStructsFood.swift; sourceTree = "<group>"; };
		3786E4E5240ACFC000A62FB0 /* TextFieldExtension.swift */ = {isa = PBXFileReference; lastKnownFileType = sourcecode.swift; path = TextFieldExtension.swift; sourceTree = "<group>"; };
		3786E4E8240ADA4300A62FB0 /* DatabaseServices.swift */ = {isa = PBXFileReference; lastKnownFileType = sourcecode.swift; path = DatabaseServices.swift; sourceTree = "<group>"; };
		3787558B240ABBD7000CA3C8 /* DoubleExtension.swift */ = {isa = PBXFileReference; lastKnownFileType = sourcecode.swift; path = DoubleExtension.swift; sourceTree = "<group>"; };
		3787558D240ABC20000CA3C8 /* NewEntryProtocol.swift */ = {isa = PBXFileReference; lastKnownFileType = sourcecode.swift; path = NewEntryProtocol.swift; sourceTree = "<group>"; };
		3787558F240ABC50000CA3C8 /* UIViewControllerExtension.swift */ = {isa = PBXFileReference; lastKnownFileType = sourcecode.swift; path = UIViewControllerExtension.swift; sourceTree = "<group>"; };
		37875591240ABCB4000CA3C8 /* DateExtension.swift */ = {isa = PBXFileReference; lastKnownFileType = sourcecode.swift; path = DateExtension.swift; sourceTree = "<group>"; };
		37875593240ABD4A000CA3C8 /* WeightProtocol.swift */ = {isa = PBXFileReference; lastKnownFileType = sourcecode.swift; path = WeightProtocol.swift; sourceTree = "<group>"; };
		378917BF22C8DC3B00571181 /* BarcodeScannerViewController.swift */ = {isa = PBXFileReference; lastKnownFileType = sourcecode.swift; path = BarcodeScannerViewController.swift; sourceTree = "<group>"; };
		378A01112323FD250035C803 /* Montserrat-Medium.otf */ = {isa = PBXFileReference; lastKnownFileType = file; path = "Montserrat-Medium.otf"; sourceTree = "<group>"; };
		378F9198231AC204007142AA /* FoodHistoryCell.swift */ = {isa = PBXFileReference; lastKnownFileType = sourcecode.swift; path = FoodHistoryCell.swift; sourceTree = "<group>"; };
		379DB00522B2EBB300F3DC5B /* MealDetailViewController.swift */ = {isa = PBXFileReference; lastKnownFileType = sourcecode.swift; path = MealDetailViewController.swift; sourceTree = "<group>"; };
		37A07E3C22DD029F00E4A351 /* Montserrat-ExtraLight.otf */ = {isa = PBXFileReference; lastKnownFileType = file; path = "Montserrat-ExtraLight.otf"; sourceTree = "<group>"; };
		37A07E3E22DD02CA00E4A351 /* Montserrat-Thin.otf */ = {isa = PBXFileReference; lastKnownFileType = file; path = "Montserrat-Thin.otf"; sourceTree = "<group>"; };
		37A07E4022DD02D700E4A351 /* Montserrat-Light.otf */ = {isa = PBXFileReference; lastKnownFileType = file; path = "Montserrat-Light.otf"; sourceTree = "<group>"; };
		37A07E4222DD04C000E4A351 /* Montserrat-Regular.otf */ = {isa = PBXFileReference; lastKnownFileType = file; path = "Montserrat-Regular.otf"; sourceTree = "<group>"; };
		37A8AEB423A2DDFE002DCA43 /* Food+Firestore.swift */ = {isa = PBXFileReference; lastKnownFileType = sourcecode.swift; path = "Food+Firestore.swift"; sourceTree = "<group>"; };
		37B9BD3E23CB9F3000864540 /* MyAccountViewController.swift */ = {isa = PBXFileReference; lastKnownFileType = sourcecode.swift; path = MyAccountViewController.swift; sourceTree = "<group>"; };
		37BBEBF8235659F600D390E5 /* LineChartCell.swift */ = {isa = PBXFileReference; lastKnownFileType = sourcecode.swift; path = LineChartCell.swift; sourceTree = "<group>"; };
		37BBEBF9235659F600D390E5 /* LineChartCell.xib */ = {isa = PBXFileReference; lastKnownFileType = file.xib; path = LineChartCell.xib; sourceTree = "<group>"; };
		37BEA92023DE1E5F003983B9 /* ForgotPasswordViewController.swift */ = {isa = PBXFileReference; lastKnownFileType = sourcecode.swift; path = ForgotPasswordViewController.swift; sourceTree = "<group>"; };
		37BEA92223DF2C80003983B9 /* Minya-Nouvelle-Regular.ttf */ = {isa = PBXFileReference; lastKnownFileType = file; path = "Minya-Nouvelle-Regular.ttf"; sourceTree = "<group>"; };
		37BEA92323DF2C80003983B9 /* Minya-Nouvelle-Bold.ttf */ = {isa = PBXFileReference; lastKnownFileType = file; path = "Minya-Nouvelle-Bold.ttf"; sourceTree = "<group>"; };
		37C2E37B2387365B006A4C51 /* WelcomeViewController.swift */ = {isa = PBXFileReference; lastKnownFileType = sourcecode.swift; path = WelcomeViewController.swift; sourceTree = "<group>"; };
		37CA772C22A1BB4F00C03A06 /* ManualEntryViewController.swift */ = {isa = PBXFileReference; lastKnownFileType = sourcecode.swift; path = ManualEntryViewController.swift; sourceTree = "<group>"; };
		37CB4B9D2405C19C0004FD71 /* GoogleService-Info.plist */ = {isa = PBXFileReference; fileEncoding = 4; lastKnownFileType = text.plist.xml; path = "GoogleService-Info.plist"; sourceTree = "<group>"; };
		37D5136E23D4A8AF00780CD1 /* StatsViewController.swift */ = {isa = PBXFileReference; lastKnownFileType = sourcecode.swift; path = StatsViewController.swift; sourceTree = "<group>"; };
		37D5137023D4BA1800780CD1 /* GoalsViewController.swift */ = {isa = PBXFileReference; lastKnownFileType = sourcecode.swift; path = GoalsViewController.swift; sourceTree = "<group>"; };
		37D5137223D4BC0D00780CD1 /* UserDefaultsKeys.swift */ = {isa = PBXFileReference; lastKnownFileType = sourcecode.swift; path = UserDefaultsKeys.swift; sourceTree = "<group>"; };
		37DE59D622D1055D00079A6A /* OverviewPageViewController.swift */ = {isa = PBXFileReference; lastKnownFileType = sourcecode.swift; path = OverviewPageViewController.swift; sourceTree = "<group>"; };
		37DE71062351097900B1C4AC /* NutritionViewController.swift */ = {isa = PBXFileReference; lastKnownFileType = sourcecode.swift; path = NutritionViewController.swift; sourceTree = "<group>"; };
		37E0C03223800020005FEB29 /* NewWeightEntryViewController.swift */ = {isa = PBXFileReference; lastKnownFileType = sourcecode.swift; path = NewWeightEntryViewController.swift; sourceTree = "<group>"; };
		37F46B5323EB53BF00DA2140 /* AboutViewController.swift */ = {isa = PBXFileReference; lastKnownFileType = sourcecode.swift; path = AboutViewController.swift; sourceTree = "<group>"; };
		37F6DD4D23F8709200B2D9A5 /* LaunchScreenController.storyboard */ = {isa = PBXFileReference; lastKnownFileType = file.storyboard; path = LaunchScreenController.storyboard; sourceTree = "<group>"; };
		37F6DD4F23F8713400B2D9A5 /* LaunchScreenController.swift */ = {isa = PBXFileReference; lastKnownFileType = sourcecode.swift; path = LaunchScreenController.swift; sourceTree = "<group>"; };
		4463D1EE366D219C45C7D65C /* Pods-MyFoodJournal.release.xcconfig */ = {isa = PBXFileReference; includeInIndex = 1; lastKnownFileType = text.xcconfig; name = "Pods-MyFoodJournal.release.xcconfig"; path = "Target Support Files/Pods-MyFoodJournal/Pods-MyFoodJournal.release.xcconfig"; sourceTree = "<group>"; };
		5B434528684980896B0F3161 /* Pods-My Food Diary.release.xcconfig */ = {isa = PBXFileReference; includeInIndex = 1; lastKnownFileType = text.xcconfig; name = "Pods-My Food Diary.release.xcconfig"; path = "Target Support Files/Pods-My Food Diary/Pods-My Food Diary.release.xcconfig"; sourceTree = "<group>"; };
		96FB18ABBFB7F8095D201464 /* Pods-MyFoodJournalTests.debug.xcconfig */ = {isa = PBXFileReference; includeInIndex = 1; lastKnownFileType = text.xcconfig; name = "Pods-MyFoodJournalTests.debug.xcconfig"; path = "Target Support Files/Pods-MyFoodJournalTests/Pods-MyFoodJournalTests.debug.xcconfig"; sourceTree = "<group>"; };
		A7907AE86113D8A09C3BB819 /* Pods-My Food Diary.debug.xcconfig */ = {isa = PBXFileReference; includeInIndex = 1; lastKnownFileType = text.xcconfig; name = "Pods-My Food Diary.debug.xcconfig"; path = "Target Support Files/Pods-My Food Diary/Pods-My Food Diary.debug.xcconfig"; sourceTree = "<group>"; };
		C4D96D2CAD508C4C19EC293A /* Pods_MyFoodJournal.framework */ = {isa = PBXFileReference; explicitFileType = wrapper.framework; includeInIndex = 0; path = Pods_MyFoodJournal.framework; sourceTree = BUILT_PRODUCTS_DIR; };
		E04F57AC61DDFBD7E9F87248 /* Pods-MyFoodDiaryTests.release.xcconfig */ = {isa = PBXFileReference; includeInIndex = 1; lastKnownFileType = text.xcconfig; name = "Pods-MyFoodDiaryTests.release.xcconfig"; path = "Target Support Files/Pods-MyFoodDiaryTests/Pods-MyFoodDiaryTests.release.xcconfig"; sourceTree = "<group>"; };
		F06D6127FA188B35C7FBBF2B /* Pods_MyFoodJournalTests.framework */ = {isa = PBXFileReference; explicitFileType = wrapper.framework; includeInIndex = 0; path = Pods_MyFoodJournalTests.framework; sourceTree = BUILT_PRODUCTS_DIR; };
/* End PBXFileReference section */

/* Begin PBXFrameworksBuildPhase section */
		374DA75E23F5D65A008D116B /* Frameworks */ = {
			isa = PBXFrameworksBuildPhase;
			buildActionMask = 2147483647;
			files = (
				D008C464E9605EC2BFF5BC3B /* Pods_MyFoodJournalTests.framework in Frameworks */,
			);
			runOnlyForDeploymentPostprocessing = 0;
		};
		377208AE2291A1F8002DDA29 /* Frameworks */ = {
			isa = PBXFrameworksBuildPhase;
			buildActionMask = 2147483647;
			files = (
				EF38484BA3DE88523128F41E /* Pods_MyFoodJournal.framework in Frameworks */,
			);
			runOnlyForDeploymentPostprocessing = 0;
		};
/* End PBXFrameworksBuildPhase section */

/* Begin PBXGroup section */
		215E2DE4572AB5879A6926C9 /* Frameworks */ = {
			isa = PBXGroup;
			children = (
				C4D96D2CAD508C4C19EC293A /* Pods_MyFoodJournal.framework */,
				F06D6127FA188B35C7FBBF2B /* Pods_MyFoodJournalTests.framework */,
			);
			name = Frameworks;
			sourceTree = "<group>";
		};
		374DA76223F5D65A008D116B /* MyFoodJournalTests */ = {
			isa = PBXGroup;
			children = (
				374DA76323F5D65A008D116B /* MyFoodJournalTests.swift */,
				374DA76523F5D65A008D116B /* Info.plist */,
			);
			path = MyFoodJournalTests;
			sourceTree = "<group>";
		};
		377208A82291A1F8002DDA29 = {
			isa = PBXGroup;
			children = (
				377208B32291A1F8002DDA29 /* MyFoodJournal */,
				374DA76223F5D65A008D116B /* MyFoodJournalTests */,
				377208B22291A1F8002DDA29 /* Products */,
				9518587350C2A9C27BCFDDBE /* Pods */,
				215E2DE4572AB5879A6926C9 /* Frameworks */,
			);
			sourceTree = "<group>";
		};
		377208B22291A1F8002DDA29 /* Products */ = {
			isa = PBXGroup;
			children = (
				377208B12291A1F8002DDA29 /* MyFoodJournal.app */,
				374DA76123F5D65A008D116B /* MyFoodJournalTests.xctest */,
			);
			name = Products;
			sourceTree = "<group>";
		};
		377208B32291A1F8002DDA29 /* MyFoodJournal */ = {
			isa = PBXGroup;
			children = (
				37875588240ABB1E000CA3C8 /* Utilities */,
				3786E4E7240AD8B500A62FB0 /* Networking */,
				377208C92291A218002DDA29 /* Model */,
				377208CA2291A21E002DDA29 /* View */,
				377208CB2291A223002DDA29 /* Controllers */,
				377208B42291A1F8002DDA29 /* AppDelegate.swift */,
				377208BE2291A1FA002DDA29 /* Assets.xcassets */,
				377208C32291A1FA002DDA29 /* Info.plist */,
				37CB4B9D2405C19C0004FD71 /* GoogleService-Info.plist */,
			);
			path = MyFoodJournal;
			sourceTree = "<group>";
		};
		377208C92291A218002DDA29 /* Model */ = {
			isa = PBXGroup;
			children = (
				374BC02422BABA8800013610 /* Food.swift */,
				3713FFE4237F433C000D1E50 /* Weight.swift */,
				37A8AEB423A2DDFE002DCA43 /* Food+Firestore.swift */,
				3723E68B23B4CFF3003C1EB0 /* Weight+Firestore.swift */,
				3786E4E3240ACC5B00A62FB0 /* CodableStructsFood.swift */,
				3702B556240D6B7700C77002 /* Person.swift */,
			);
			path = Model;
			sourceTree = "<group>";
		};
		377208CA2291A21E002DDA29 /* View */ = {
			isa = PBXGroup;
			children = (
				37875587240ABAD4000CA3C8 /* Storyboards */,
				37A07E3B22DD028300E4A351 /* Custom Fonts */,
				377208D42291E012002DDA29 /* Custom Cell */,
				377A57D1233F896100D816DD /* Color.swift */,
				3704184223832D7100F3B296 /* DateButton.swift */,
				376CD1D7238F095000257076 /* LogInTextField.swift */,
			);
			path = View;
			sourceTree = "<group>";
		};
		377208CB2291A223002DDA29 /* Controllers */ = {
			isa = PBXGroup;
			children = (
				37875595240ABEFC000CA3C8 /* Welcome */,
				37875596240ABF01000CA3C8 /* Overview */,
				37875597240ABF0A000CA3C8 /* New Entry */,
				37875598240ABF0F000CA3C8 /* Nutrition */,
				3787559A240ABF2D000CA3C8 /* More */,
				37875599240ABF27000CA3C8 /* Weight */,
			);
			path = Controllers;
			sourceTree = "<group>";
		};
		377208D42291E012002DDA29 /* Custom Cell */ = {
			isa = PBXGroup;
			children = (
				377208D02291B002002DDA29 /* MealOverviewCell.swift */,
				377208D12291B002002DDA29 /* MealOverviewCell.xib */,
				37241ABC22CD127800AF85AB /* MealDetailCell.swift */,
				378F9198231AC204007142AA /* FoodHistoryCell.swift */,
				37360AF02351D62E00AA02A2 /* DayNutritionCell.swift */,
				37360AF12351D62E00AA02A2 /* DayNutritionCell.xib */,
				37360AFA2352150700AA02A2 /* BarChartNutritionCell.swift */,
				37360AFB2352150700AA02A2 /* BarChartNutritionCell.xib */,
				37BBEBF8235659F600D390E5 /* LineChartCell.swift */,
				37BBEBF9235659F600D390E5 /* LineChartCell.xib */,
			);
			path = "Custom Cell";
			sourceTree = "<group>";
		};
		3786E4E7240AD8B500A62FB0 /* Networking */ = {
			isa = PBXGroup;
			children = (
				3786E4E8240ADA4300A62FB0 /* DatabaseServices.swift */,
			);
			path = Networking;
			sourceTree = "<group>";
		};
		37875587240ABAD4000CA3C8 /* Storyboards */ = {
			isa = PBXGroup;
			children = (
				37F6DD4D23F8709200B2D9A5 /* LaunchScreenController.storyboard */,
				37F6DD4F23F8713400B2D9A5 /* LaunchScreenController.swift */,
				377208C02291A1FA002DDA29 /* LaunchScreen.storyboard */,
				377208B82291A1F8002DDA29 /* Main.storyboard */,
				3779430723F9AEEB00D6CF7D /* Overview.storyboard */,
				3779430123F9A80900D6CF7D /* More.storyboard */,
				3779430323F9AB7C00D6CF7D /* Weight.storyboard */,
				3779430523F9AE4500D6CF7D /* Nutrition.storyboard */,
				3779430923F9AF4900D6CF7D /* NewEntry.storyboard */,
				377C1C772409B361004BEF8B /* FoodDetail.storyboard */,
			);
			path = Storyboards;
			sourceTree = "<group>";
		};
		37875588240ABB1E000CA3C8 /* Utilities */ = {
			isa = PBXGroup;
			children = (
				3787558A240ABB7F000CA3C8 /* Extensions */,
				37875589240ABB78000CA3C8 /* Protocols */,
				37D5137223D4BC0D00780CD1 /* UserDefaultsKeys.swift */,
			);
			path = Utilities;
			sourceTree = "<group>";
		};
		37875589240ABB78000CA3C8 /* Protocols */ = {
			isa = PBXGroup;
			children = (
				3787558D240ABC20000CA3C8 /* NewEntryProtocol.swift */,
				37875593240ABD4A000CA3C8 /* WeightProtocol.swift */,
			);
			path = Protocols;
			sourceTree = "<group>";
		};
		3787558A240ABB7F000CA3C8 /* Extensions */ = {
			isa = PBXGroup;
			children = (
				3787558B240ABBD7000CA3C8 /* DoubleExtension.swift */,
				3787558F240ABC50000CA3C8 /* UIViewControllerExtension.swift */,
				37875591240ABCB4000CA3C8 /* DateExtension.swift */,
				3786E4E5240ACFC000A62FB0 /* TextFieldExtension.swift */,
			);
			path = Extensions;
			sourceTree = "<group>";
		};
		37875595240ABEFC000CA3C8 /* Welcome */ = {
			isa = PBXGroup;
			children = (
				37C2E37B2387365B006A4C51 /* WelcomeViewController.swift */,
				376CD1D3238F045F00257076 /* RegisterViewController.swift */,
				376CD1D5238F046900257076 /* LogInViewController.swift */,
				37BEA92023DE1E5F003983B9 /* ForgotPasswordViewController.swift */,
				3702B55A240DA38300C77002 /* UserSetupController.swift */,
			);
			path = Welcome;
			sourceTree = "<group>";
		};
		37875596240ABF01000CA3C8 /* Overview */ = {
			isa = PBXGroup;
			children = (
				37DE59D622D1055D00079A6A /* OverviewPageViewController.swift */,
				377208B62291A1F8002DDA29 /* OverviewViewController.swift */,
				379DB00522B2EBB300F3DC5B /* MealDetailViewController.swift */,
				372F5A602301C374006A8665 /* FoodDetailViewController.swift */,
			);
			path = Overview;
			sourceTree = "<group>";
		};
		37875597240ABF0A000CA3C8 /* New Entry */ = {
			isa = PBXGroup;
			children = (
				37563BD722C69E8F0032D94E /* NewEntryViewController.swift */,
				37CA772C22A1BB4F00C03A06 /* ManualEntryViewController.swift */,
				378917BF22C8DC3B00571181 /* BarcodeScannerViewController.swift */,
			);
			path = "New Entry";
			sourceTree = "<group>";
		};
		37875598240ABF0F000CA3C8 /* Nutrition */ = {
			isa = PBXGroup;
			children = (
				37DE71062351097900B1C4AC /* NutritionViewController.swift */,
				37360AF423520BC000AA02A2 /* DayNutritionViewController.swift */,
				37360AF623520BCC00AA02A2 /* WeekNutritionViewController.swift */,
				37360AF823520BE300AA02A2 /* MonthNutritionViewController.swift */,
			);
			path = Nutrition;
			sourceTree = "<group>";
		};
		37875599240ABF27000CA3C8 /* Weight */ = {
			isa = PBXGroup;
			children = (
				377C9BF9236DBA6A008165DA /* WeightViewController.swift */,
				37E0C03223800020005FEB29 /* NewWeightEntryViewController.swift */,
			);
			path = Weight;
			sourceTree = "<group>";
		};
		3787559A240ABF2D000CA3C8 /* More */ = {
			isa = PBXGroup;
			children = (
				372E70DC2381A783001DCB06 /* MoreViewController.swift */,
				37B9BD3E23CB9F3000864540 /* MyAccountViewController.swift */,
				37D5136E23D4A8AF00780CD1 /* StatsViewController.swift */,
				37D5137023D4BA1800780CD1 /* GoalsViewController.swift */,
				37F46B5323EB53BF00DA2140 /* AboutViewController.swift */,
			);
			path = More;
			sourceTree = "<group>";
		};
		37A07E3B22DD028300E4A351 /* Custom Fonts */ = {
			isa = PBXGroup;
			children = (
				37A07E3E22DD02CA00E4A351 /* Montserrat-Thin.otf */,
				37A07E4022DD02D700E4A351 /* Montserrat-Light.otf */,
				37A07E3C22DD029F00E4A351 /* Montserrat-ExtraLight.otf */,
				37A07E4222DD04C000E4A351 /* Montserrat-Regular.otf */,
				37653D1922FCB55E00B32E5B /* Montserrat-Bold.otf */,
				37653D1B22FCB5C700B32E5B /* Montserrat-SemiBold.otf */,
				378A01112323FD250035C803 /* Montserrat-Medium.otf */,
				37BEA92323DF2C80003983B9 /* Minya-Nouvelle-Bold.ttf */,
				37BEA92223DF2C80003983B9 /* Minya-Nouvelle-Regular.ttf */,
			);
			path = "Custom Fonts";
			sourceTree = "<group>";
		};
		9518587350C2A9C27BCFDDBE /* Pods */ = {
			isa = PBXGroup;
			children = (
				2C593C770C04CCCE21F115B0 /* Pods-Eat Me.debug.xcconfig */,
				10E32B840DC7A266A9830B25 /* Pods-Eat Me.release.xcconfig */,
				A7907AE86113D8A09C3BB819 /* Pods-My Food Diary.debug.xcconfig */,
				5B434528684980896B0F3161 /* Pods-My Food Diary.release.xcconfig */,
				1AE43704802C8304B38DB705 /* Pods-MyFoodDiaryTests.debug.xcconfig */,
				E04F57AC61DDFBD7E9F87248 /* Pods-MyFoodDiaryTests.release.xcconfig */,
				1F59D4FF47363F0171069D40 /* Pods-MyFoodJournal.debug.xcconfig */,
				4463D1EE366D219C45C7D65C /* Pods-MyFoodJournal.release.xcconfig */,
				96FB18ABBFB7F8095D201464 /* Pods-MyFoodJournalTests.debug.xcconfig */,
				2CB50708952077951C0E61E5 /* Pods-MyFoodJournalTests.release.xcconfig */,
			);
			path = Pods;
			sourceTree = "<group>";
		};
/* End PBXGroup section */

/* Begin PBXNativeTarget section */
		374DA76023F5D65A008D116B /* MyFoodJournalTests */ = {
			isa = PBXNativeTarget;
			buildConfigurationList = 374DA76A23F5D65A008D116B /* Build configuration list for PBXNativeTarget "MyFoodJournalTests" */;
			buildPhases = (
				AD310321893394D7B0E9BEA2 /* [CP] Check Pods Manifest.lock */,
				374DA75D23F5D65A008D116B /* Sources */,
				374DA75E23F5D65A008D116B /* Frameworks */,
				374DA75F23F5D65A008D116B /* Resources */,
				CEDB7B2F86A608681541C2C2 /* [CP] Embed Pods Frameworks */,
			);
			buildRules = (
			);
			dependencies = (
				374DA76723F5D65A008D116B /* PBXTargetDependency */,
			);
			name = MyFoodJournalTests;
			productName = MyFoodDiaryTests;
			productReference = 374DA76123F5D65A008D116B /* MyFoodJournalTests.xctest */;
			productType = "com.apple.product-type.bundle.unit-test";
		};
		377208B02291A1F8002DDA29 /* MyFoodJournal */ = {
			isa = PBXNativeTarget;
			buildConfigurationList = 377208C62291A1FA002DDA29 /* Build configuration list for PBXNativeTarget "MyFoodJournal" */;
			buildPhases = (
				672A7BCEDC0943B0CE5E8FFF /* [CP] Check Pods Manifest.lock */,
				377208AD2291A1F8002DDA29 /* Sources */,
				377208AE2291A1F8002DDA29 /* Frameworks */,
				377208AF2291A1F8002DDA29 /* Resources */,
				7E6BEFF8A68D2B992859935C /* [CP] Embed Pods Frameworks */,
			);
			buildRules = (
			);
			dependencies = (
			);
			name = MyFoodJournal;
			productName = "Eat Me";
			productReference = 377208B12291A1F8002DDA29 /* MyFoodJournal.app */;
			productType = "com.apple.product-type.application";
		};
/* End PBXNativeTarget section */

/* Begin PBXProject section */
		377208A92291A1F8002DDA29 /* Project object */ = {
			isa = PBXProject;
			attributes = {
				LastSwiftUpdateCheck = 1130;
				LastUpgradeCheck = 1020;
				ORGANIZATIONNAME = "Daniel Hilton";
				TargetAttributes = {
					374DA76023F5D65A008D116B = {
						CreatedOnToolsVersion = 11.3.1;
						TestTargetID = 377208B02291A1F8002DDA29;
					};
					377208B02291A1F8002DDA29 = {
						CreatedOnToolsVersion = 10.2.1;
					};
				};
			};
			buildConfigurationList = 377208AC2291A1F8002DDA29 /* Build configuration list for PBXProject "MyFoodJournal" */;
			compatibilityVersion = "Xcode 9.3";
			developmentRegion = en;
			hasScannedForEncodings = 0;
			knownRegions = (
				en,
				Base,
			);
			mainGroup = 377208A82291A1F8002DDA29;
			productRefGroup = 377208B22291A1F8002DDA29 /* Products */;
			projectDirPath = "";
			projectRoot = "";
			targets = (
				377208B02291A1F8002DDA29 /* MyFoodJournal */,
				374DA76023F5D65A008D116B /* MyFoodJournalTests */,
			);
		};
/* End PBXProject section */

/* Begin PBXResourcesBuildPhase section */
		374DA75F23F5D65A008D116B /* Resources */ = {
			isa = PBXResourcesBuildPhase;
			buildActionMask = 2147483647;
			files = (
				37CB4B9F2405C19C0004FD71 /* GoogleService-Info.plist in Resources */,
			);
			runOnlyForDeploymentPostprocessing = 0;
		};
		377208AF2291A1F8002DDA29 /* Resources */ = {
			isa = PBXResourcesBuildPhase;
			buildActionMask = 2147483647;
			files = (
				3779430223F9A80900D6CF7D /* More.storyboard in Resources */,
				37360AFD2352150700AA02A2 /* BarChartNutritionCell.xib in Resources */,
				37CB4B9E2405C19C0004FD71 /* GoogleService-Info.plist in Resources */,
				378A01122323FD250035C803 /* Montserrat-Medium.otf in Resources */,
				3779430A23F9AF4900D6CF7D /* NewEntry.storyboard in Resources */,
				37BEA92423DF2C80003983B9 /* Minya-Nouvelle-Regular.ttf in Resources */,
				377208C22291A1FA002DDA29 /* LaunchScreen.storyboard in Resources */,
				37A07E3F22DD02CA00E4A351 /* Montserrat-Thin.otf in Resources */,
				37360AF32351D62E00AA02A2 /* DayNutritionCell.xib in Resources */,
				37BEA92523DF2C80003983B9 /* Minya-Nouvelle-Bold.ttf in Resources */,
				3779430823F9AEEB00D6CF7D /* Overview.storyboard in Resources */,
				377208BF2291A1FA002DDA29 /* Assets.xcassets in Resources */,
				37A07E4322DD04C000E4A351 /* Montserrat-Regular.otf in Resources */,
				3779430623F9AE4500D6CF7D /* Nutrition.storyboard in Resources */,
				377208BA2291A1F8002DDA29 /* Main.storyboard in Resources */,
				3779430423F9AB7C00D6CF7D /* Weight.storyboard in Resources */,
				377208D32291B002002DDA29 /* MealOverviewCell.xib in Resources */,
				37A07E4122DD02D700E4A351 /* Montserrat-Light.otf in Resources */,
				37BBEBFB235659F600D390E5 /* LineChartCell.xib in Resources */,
				37A07E3D22DD029F00E4A351 /* Montserrat-ExtraLight.otf in Resources */,
				37F6DD4E23F8709200B2D9A5 /* LaunchScreenController.storyboard in Resources */,
				37653D1A22FCB55E00B32E5B /* Montserrat-Bold.otf in Resources */,
				37653D1C22FCB5C700B32E5B /* Montserrat-SemiBold.otf in Resources */,
				377C1C782409B361004BEF8B /* FoodDetail.storyboard in Resources */,
			);
			runOnlyForDeploymentPostprocessing = 0;
		};
/* End PBXResourcesBuildPhase section */

/* Begin PBXShellScriptBuildPhase section */
		672A7BCEDC0943B0CE5E8FFF /* [CP] Check Pods Manifest.lock */ = {
			isa = PBXShellScriptBuildPhase;
			buildActionMask = 2147483647;
			files = (
			);
			inputFileListPaths = (
			);
			inputPaths = (
				"${PODS_PODFILE_DIR_PATH}/Podfile.lock",
				"${PODS_ROOT}/Manifest.lock",
			);
			name = "[CP] Check Pods Manifest.lock";
			outputFileListPaths = (
			);
			outputPaths = (
				"$(DERIVED_FILE_DIR)/Pods-MyFoodJournal-checkManifestLockResult.txt",
			);
			runOnlyForDeploymentPostprocessing = 0;
			shellPath = /bin/sh;
			shellScript = "diff \"${PODS_PODFILE_DIR_PATH}/Podfile.lock\" \"${PODS_ROOT}/Manifest.lock\" > /dev/null\nif [ $? != 0 ] ; then\n    # print error to STDERR\n    echo \"error: The sandbox is not in sync with the Podfile.lock. Run 'pod install' or update your CocoaPods installation.\" >&2\n    exit 1\nfi\n# This output is used by Xcode 'outputs' to avoid re-running this script phase.\necho \"SUCCESS\" > \"${SCRIPT_OUTPUT_FILE_0}\"\n";
			showEnvVarsInLog = 0;
		};
		7E6BEFF8A68D2B992859935C /* [CP] Embed Pods Frameworks */ = {
			isa = PBXShellScriptBuildPhase;
			buildActionMask = 2147483647;
			files = (
			);
			inputFileListPaths = (
				"${PODS_ROOT}/Target Support Files/Pods-MyFoodJournal/Pods-MyFoodJournal-frameworks-${CONFIGURATION}-input-files.xcfilelist",
			);
			name = "[CP] Embed Pods Frameworks";
			outputFileListPaths = (
				"${PODS_ROOT}/Target Support Files/Pods-MyFoodJournal/Pods-MyFoodJournal-frameworks-${CONFIGURATION}-output-files.xcfilelist",
			);
			runOnlyForDeploymentPostprocessing = 0;
			shellPath = /bin/sh;
			shellScript = "\"${PODS_ROOT}/Target Support Files/Pods-MyFoodJournal/Pods-MyFoodJournal-frameworks.sh\"\n";
			showEnvVarsInLog = 0;
		};
		AD310321893394D7B0E9BEA2 /* [CP] Check Pods Manifest.lock */ = {
			isa = PBXShellScriptBuildPhase;
			buildActionMask = 2147483647;
			files = (
			);
			inputFileListPaths = (
			);
			inputPaths = (
				"${PODS_PODFILE_DIR_PATH}/Podfile.lock",
				"${PODS_ROOT}/Manifest.lock",
			);
			name = "[CP] Check Pods Manifest.lock";
			outputFileListPaths = (
			);
			outputPaths = (
				"$(DERIVED_FILE_DIR)/Pods-MyFoodJournalTests-checkManifestLockResult.txt",
			);
			runOnlyForDeploymentPostprocessing = 0;
			shellPath = /bin/sh;
			shellScript = "diff \"${PODS_PODFILE_DIR_PATH}/Podfile.lock\" \"${PODS_ROOT}/Manifest.lock\" > /dev/null\nif [ $? != 0 ] ; then\n    # print error to STDERR\n    echo \"error: The sandbox is not in sync with the Podfile.lock. Run 'pod install' or update your CocoaPods installation.\" >&2\n    exit 1\nfi\n# This output is used by Xcode 'outputs' to avoid re-running this script phase.\necho \"SUCCESS\" > \"${SCRIPT_OUTPUT_FILE_0}\"\n";
			showEnvVarsInLog = 0;
		};
		CEDB7B2F86A608681541C2C2 /* [CP] Embed Pods Frameworks */ = {
			isa = PBXShellScriptBuildPhase;
			buildActionMask = 2147483647;
			files = (
			);
			inputFileListPaths = (
				"${PODS_ROOT}/Target Support Files/Pods-MyFoodJournalTests/Pods-MyFoodJournalTests-frameworks-${CONFIGURATION}-input-files.xcfilelist",
			);
			name = "[CP] Embed Pods Frameworks";
			outputFileListPaths = (
				"${PODS_ROOT}/Target Support Files/Pods-MyFoodJournalTests/Pods-MyFoodJournalTests-frameworks-${CONFIGURATION}-output-files.xcfilelist",
			);
			runOnlyForDeploymentPostprocessing = 0;
			shellPath = /bin/sh;
			shellScript = "\"${PODS_ROOT}/Target Support Files/Pods-MyFoodJournalTests/Pods-MyFoodJournalTests-frameworks.sh\"\n";
			showEnvVarsInLog = 0;
		};
/* End PBXShellScriptBuildPhase section */

/* Begin PBXSourcesBuildPhase section */
		374DA75D23F5D65A008D116B /* Sources */ = {
			isa = PBXSourcesBuildPhase;
			buildActionMask = 2147483647;
			files = (
				374DA76423F5D65A008D116B /* MyFoodJournalTests.swift in Sources */,
			);
			runOnlyForDeploymentPostprocessing = 0;
		};
		377208AD2291A1F8002DDA29 /* Sources */ = {
			isa = PBXSourcesBuildPhase;
			buildActionMask = 2147483647;
			files = (
				37C2E37C2387365B006A4C51 /* WelcomeViewController.swift in Sources */,
				37875592240ABCB4000CA3C8 /* DateExtension.swift in Sources */,
				37D5136F23D4A8AF00780CD1 /* StatsViewController.swift in Sources */,
				37CA772D22A1BB4F00C03A06 /* ManualEntryViewController.swift in Sources */,
				37D5137123D4BA1800780CD1 /* GoalsViewController.swift in Sources */,
				37875594240ABD4A000CA3C8 /* WeightProtocol.swift in Sources */,
				37875590240ABC50000CA3C8 /* UIViewControllerExtension.swift in Sources */,
				377A57D2233F896100D816DD /* Color.swift in Sources */,
				37360AF723520BCC00AA02A2 /* WeekNutritionViewController.swift in Sources */,
				3786E4E4240ACC5B00A62FB0 /* CodableStructsFood.swift in Sources */,
				37DE59D722D1055D00079A6A /* OverviewPageViewController.swift in Sources */,
				372E70DD2381A783001DCB06 /* MoreViewController.swift in Sources */,
				37563BD822C69E8F0032D94E /* NewEntryViewController.swift in Sources */,
				37360AF923520BE300AA02A2 /* MonthNutritionViewController.swift in Sources */,
				379DB00622B2EBB300F3DC5B /* MealDetailViewController.swift in Sources */,
				37E0C03323800020005FEB29 /* NewWeightEntryViewController.swift in Sources */,
				37B9BD3F23CB9F3000864540 /* MyAccountViewController.swift in Sources */,
				37360AF523520BC000AA02A2 /* DayNutritionViewController.swift in Sources */,
				3786E4E6240ACFC000A62FB0 /* TextFieldExtension.swift in Sources */,
				3704184323832D7100F3B296 /* DateButton.swift in Sources */,
				3787558E240ABC20000CA3C8 /* NewEntryProtocol.swift in Sources */,
				37DE71072351097900B1C4AC /* NutritionViewController.swift in Sources */,
				3702B55B240DA38300C77002 /* UserSetupController.swift in Sources */,
				37360AFC2352150700AA02A2 /* BarChartNutritionCell.swift in Sources */,
				377208D22291B002002DDA29 /* MealOverviewCell.swift in Sources */,
				3702B557240D6B7700C77002 /* Person.swift in Sources */,
				37241ABD22CD127800AF85AB /* MealDetailCell.swift in Sources */,
				376CD1D8238F095000257076 /* LogInTextField.swift in Sources */,
				3786E4E9240ADA4300A62FB0 /* DatabaseServices.swift in Sources */,
				3713FFE5237F433C000D1E50 /* Weight.swift in Sources */,
				3787558C240ABBD7000CA3C8 /* DoubleExtension.swift in Sources */,
				378F9199231AC204007142AA /* FoodHistoryCell.swift in Sources */,
				37D5137323D4BC0D00780CD1 /* UserDefaultsKeys.swift in Sources */,
				37BBEBFA235659F600D390E5 /* LineChartCell.swift in Sources */,
				376CD1D6238F046900257076 /* LogInViewController.swift in Sources */,
				377208B72291A1F8002DDA29 /* OverviewViewController.swift in Sources */,
				3723E68C23B4CFF3003C1EB0 /* Weight+Firestore.swift in Sources */,
				37360AF22351D62E00AA02A2 /* DayNutritionCell.swift in Sources */,
				374BC02522BABA8800013610 /* Food.swift in Sources */,
				376CD1D4238F045F00257076 /* RegisterViewController.swift in Sources */,
				37F6DD5023F8713400B2D9A5 /* LaunchScreenController.swift in Sources */,
				377C9BFA236DBA6A008165DA /* WeightViewController.swift in Sources */,
				372F5A612301C375006A8665 /* FoodDetailViewController.swift in Sources */,
				37BEA92123DE1E5F003983B9 /* ForgotPasswordViewController.swift in Sources */,
				378917C022C8DC3B00571181 /* BarcodeScannerViewController.swift in Sources */,
				37F46B5423EB53BF00DA2140 /* AboutViewController.swift in Sources */,
				377208B52291A1F8002DDA29 /* AppDelegate.swift in Sources */,
				37A8AEB523A2DDFE002DCA43 /* Food+Firestore.swift in Sources */,
			);
			runOnlyForDeploymentPostprocessing = 0;
		};
/* End PBXSourcesBuildPhase section */

/* Begin PBXTargetDependency section */
		374DA76723F5D65A008D116B /* PBXTargetDependency */ = {
			isa = PBXTargetDependency;
			target = 377208B02291A1F8002DDA29 /* MyFoodJournal */;
			targetProxy = 374DA76623F5D65A008D116B /* PBXContainerItemProxy */;
		};
/* End PBXTargetDependency section */

/* Begin PBXVariantGroup section */
		377208B82291A1F8002DDA29 /* Main.storyboard */ = {
			isa = PBXVariantGroup;
			children = (
				377208B92291A1F8002DDA29 /* Base */,
			);
			name = Main.storyboard;
			sourceTree = "<group>";
		};
		377208C02291A1FA002DDA29 /* LaunchScreen.storyboard */ = {
			isa = PBXVariantGroup;
			children = (
				377208C12291A1FA002DDA29 /* Base */,
			);
			name = LaunchScreen.storyboard;
			sourceTree = "<group>";
		};
/* End PBXVariantGroup section */

/* Begin XCBuildConfiguration section */
		374DA76823F5D65A008D116B /* Debug */ = {
			isa = XCBuildConfiguration;
			baseConfigurationReference = 96FB18ABBFB7F8095D201464 /* Pods-MyFoodJournalTests.debug.xcconfig */;
			buildSettings = {
				BUNDLE_LOADER = "$(TEST_HOST)";
				CODE_SIGN_STYLE = Automatic;
				DEVELOPMENT_TEAM = 7383RQWB3N;
				INFOPLIST_FILE = MyFoodJournalTests/Info.plist;
				IPHONEOS_DEPLOYMENT_TARGET = 13.2;
				LD_RUNPATH_SEARCH_PATHS = (
					"$(inherited)",
					"@executable_path/Frameworks",
					"@loader_path/Frameworks",
				);
				PRODUCT_BUNDLE_IDENTIFIER = com.danhiltonapps.MyFoodJournalTests;
				PRODUCT_NAME = "$(TARGET_NAME)";
				SWIFT_VERSION = 5.0;
				TARGETED_DEVICE_FAMILY = "1,2";
				TEST_HOST = "$(BUILT_PRODUCTS_DIR)/MyFoodJournal.app/MyFoodJournal";
			};
			name = Debug;
		};
		374DA76923F5D65A008D116B /* Release */ = {
			isa = XCBuildConfiguration;
			baseConfigurationReference = 2CB50708952077951C0E61E5 /* Pods-MyFoodJournalTests.release.xcconfig */;
			buildSettings = {
				BUNDLE_LOADER = "$(TEST_HOST)";
				CODE_SIGN_STYLE = Automatic;
				DEVELOPMENT_TEAM = 7383RQWB3N;
				INFOPLIST_FILE = MyFoodJournalTests/Info.plist;
				IPHONEOS_DEPLOYMENT_TARGET = 13.2;
				LD_RUNPATH_SEARCH_PATHS = (
					"$(inherited)",
					"@executable_path/Frameworks",
					"@loader_path/Frameworks",
				);
				PRODUCT_BUNDLE_IDENTIFIER = com.danhiltonapps.MyFoodJournalTests;
				PRODUCT_NAME = "$(TARGET_NAME)";
				SWIFT_VERSION = 5.0;
				TARGETED_DEVICE_FAMILY = "1,2";
				TEST_HOST = "$(BUILT_PRODUCTS_DIR)/MyFoodJournal.app/MyFoodJournal";
			};
			name = Release;
		};
		377208C42291A1FA002DDA29 /* Debug */ = {
			isa = XCBuildConfiguration;
			buildSettings = {
				ALWAYS_SEARCH_USER_PATHS = NO;
				CLANG_ANALYZER_NONNULL = YES;
				CLANG_ANALYZER_NUMBER_OBJECT_CONVERSION = YES_AGGRESSIVE;
				CLANG_CXX_LANGUAGE_STANDARD = "gnu++14";
				CLANG_CXX_LIBRARY = "libc++";
				CLANG_ENABLE_MODULES = YES;
				CLANG_ENABLE_OBJC_ARC = YES;
				CLANG_ENABLE_OBJC_WEAK = YES;
				CLANG_WARN_BLOCK_CAPTURE_AUTORELEASING = YES;
				CLANG_WARN_BOOL_CONVERSION = YES;
				CLANG_WARN_COMMA = YES;
				CLANG_WARN_CONSTANT_CONVERSION = YES;
				CLANG_WARN_DEPRECATED_OBJC_IMPLEMENTATIONS = YES;
				CLANG_WARN_DIRECT_OBJC_ISA_USAGE = YES_ERROR;
				CLANG_WARN_DOCUMENTATION_COMMENTS = YES;
				CLANG_WARN_EMPTY_BODY = YES;
				CLANG_WARN_ENUM_CONVERSION = YES;
				CLANG_WARN_INFINITE_RECURSION = YES;
				CLANG_WARN_INT_CONVERSION = YES;
				CLANG_WARN_NON_LITERAL_NULL_CONVERSION = YES;
				CLANG_WARN_OBJC_IMPLICIT_RETAIN_SELF = YES;
				CLANG_WARN_OBJC_LITERAL_CONVERSION = YES;
				CLANG_WARN_OBJC_ROOT_CLASS = YES_ERROR;
				CLANG_WARN_RANGE_LOOP_ANALYSIS = YES;
				CLANG_WARN_STRICT_PROTOTYPES = YES;
				CLANG_WARN_SUSPICIOUS_MOVE = YES;
				CLANG_WARN_UNGUARDED_AVAILABILITY = YES_AGGRESSIVE;
				CLANG_WARN_UNREACHABLE_CODE = YES;
				CLANG_WARN__DUPLICATE_METHOD_MATCH = YES;
				CODE_SIGN_IDENTITY = "iPhone Developer";
				COPY_PHASE_STRIP = NO;
				DEBUG_INFORMATION_FORMAT = dwarf;
				ENABLE_STRICT_OBJC_MSGSEND = YES;
				ENABLE_TESTABILITY = YES;
				GCC_C_LANGUAGE_STANDARD = gnu11;
				GCC_DYNAMIC_NO_PIC = NO;
				GCC_NO_COMMON_BLOCKS = YES;
				GCC_OPTIMIZATION_LEVEL = 0;
				GCC_PREPROCESSOR_DEFINITIONS = (
					"DEBUG=1",
					"$(inherited)",
				);
				GCC_WARN_64_TO_32_BIT_CONVERSION = YES;
				GCC_WARN_ABOUT_RETURN_TYPE = YES_ERROR;
				GCC_WARN_UNDECLARED_SELECTOR = YES;
				GCC_WARN_UNINITIALIZED_AUTOS = YES_AGGRESSIVE;
				GCC_WARN_UNUSED_FUNCTION = YES;
				GCC_WARN_UNUSED_VARIABLE = YES;
				IPHONEOS_DEPLOYMENT_TARGET = 12.2;
				MTL_ENABLE_DEBUG_INFO = INCLUDE_SOURCE;
				MTL_FAST_MATH = YES;
				ONLY_ACTIVE_ARCH = YES;
				SDKROOT = iphoneos;
				SWIFT_ACTIVE_COMPILATION_CONDITIONS = DEBUG;
				SWIFT_OPTIMIZATION_LEVEL = "-Onone";
			};
			name = Debug;
		};
		377208C52291A1FA002DDA29 /* Release */ = {
			isa = XCBuildConfiguration;
			buildSettings = {
				ALWAYS_SEARCH_USER_PATHS = NO;
				CLANG_ANALYZER_NONNULL = YES;
				CLANG_ANALYZER_NUMBER_OBJECT_CONVERSION = YES_AGGRESSIVE;
				CLANG_CXX_LANGUAGE_STANDARD = "gnu++14";
				CLANG_CXX_LIBRARY = "libc++";
				CLANG_ENABLE_MODULES = YES;
				CLANG_ENABLE_OBJC_ARC = YES;
				CLANG_ENABLE_OBJC_WEAK = YES;
				CLANG_WARN_BLOCK_CAPTURE_AUTORELEASING = YES;
				CLANG_WARN_BOOL_CONVERSION = YES;
				CLANG_WARN_COMMA = YES;
				CLANG_WARN_CONSTANT_CONVERSION = YES;
				CLANG_WARN_DEPRECATED_OBJC_IMPLEMENTATIONS = YES;
				CLANG_WARN_DIRECT_OBJC_ISA_USAGE = YES_ERROR;
				CLANG_WARN_DOCUMENTATION_COMMENTS = YES;
				CLANG_WARN_EMPTY_BODY = YES;
				CLANG_WARN_ENUM_CONVERSION = YES;
				CLANG_WARN_INFINITE_RECURSION = YES;
				CLANG_WARN_INT_CONVERSION = YES;
				CLANG_WARN_NON_LITERAL_NULL_CONVERSION = YES;
				CLANG_WARN_OBJC_IMPLICIT_RETAIN_SELF = YES;
				CLANG_WARN_OBJC_LITERAL_CONVERSION = YES;
				CLANG_WARN_OBJC_ROOT_CLASS = YES_ERROR;
				CLANG_WARN_RANGE_LOOP_ANALYSIS = YES;
				CLANG_WARN_STRICT_PROTOTYPES = YES;
				CLANG_WARN_SUSPICIOUS_MOVE = YES;
				CLANG_WARN_UNGUARDED_AVAILABILITY = YES_AGGRESSIVE;
				CLANG_WARN_UNREACHABLE_CODE = YES;
				CLANG_WARN__DUPLICATE_METHOD_MATCH = YES;
				CODE_SIGN_IDENTITY = "iPhone Developer";
				COPY_PHASE_STRIP = NO;
				DEBUG_INFORMATION_FORMAT = "dwarf-with-dsym";
				ENABLE_NS_ASSERTIONS = NO;
				ENABLE_STRICT_OBJC_MSGSEND = YES;
				GCC_C_LANGUAGE_STANDARD = gnu11;
				GCC_NO_COMMON_BLOCKS = YES;
				GCC_WARN_64_TO_32_BIT_CONVERSION = YES;
				GCC_WARN_ABOUT_RETURN_TYPE = YES_ERROR;
				GCC_WARN_UNDECLARED_SELECTOR = YES;
				GCC_WARN_UNINITIALIZED_AUTOS = YES_AGGRESSIVE;
				GCC_WARN_UNUSED_FUNCTION = YES;
				GCC_WARN_UNUSED_VARIABLE = YES;
				IPHONEOS_DEPLOYMENT_TARGET = 12.2;
				MTL_ENABLE_DEBUG_INFO = NO;
				MTL_FAST_MATH = YES;
				SDKROOT = iphoneos;
				SWIFT_COMPILATION_MODE = wholemodule;
				SWIFT_OPTIMIZATION_LEVEL = "-O";
				VALIDATE_PRODUCT = YES;
			};
			name = Release;
		};
		377208C72291A1FA002DDA29 /* Debug */ = {
			isa = XCBuildConfiguration;
			baseConfigurationReference = 1F59D4FF47363F0171069D40 /* Pods-MyFoodJournal.debug.xcconfig */;
			buildSettings = {
				ASSETCATALOG_COMPILER_APPICON_NAME = AppIcon;
				CODE_SIGN_STYLE = Automatic;
				DEVELOPMENT_TEAM = 7383RQWB3N;
				INFOPLIST_FILE = MyFoodJournal/Info.plist;
				LD_RUNPATH_SEARCH_PATHS = (
					"$(inherited)",
					"@executable_path/Frameworks",
				);
				PRODUCT_BUNDLE_IDENTIFIER = com.danhiltonapps.MyFoodJournal;
				PRODUCT_NAME = MyFoodJournal;
				SWIFT_VERSION = 5.0;
				TARGETED_DEVICE_FAMILY = 1;
			};
			name = Debug;
		};
		377208C82291A1FA002DDA29 /* Release */ = {
			isa = XCBuildConfiguration;
			baseConfigurationReference = 4463D1EE366D219C45C7D65C /* Pods-MyFoodJournal.release.xcconfig */;
			buildSettings = {
				ASSETCATALOG_COMPILER_APPICON_NAME = AppIcon;
				CODE_SIGN_STYLE = Automatic;
				DEVELOPMENT_TEAM = 7383RQWB3N;
				INFOPLIST_FILE = MyFoodJournal/Info.plist;
				LD_RUNPATH_SEARCH_PATHS = (
					"$(inherited)",
					"@executable_path/Frameworks",
				);
				PRODUCT_BUNDLE_IDENTIFIER = com.danhiltonapps.MyFoodJournal;
				PRODUCT_NAME = MyFoodJournal;
				SWIFT_VERSION = 5.0;
				TARGETED_DEVICE_FAMILY = 1;
			};
			name = Release;
		};
/* End XCBuildConfiguration section */

/* Begin XCConfigurationList section */
		374DA76A23F5D65A008D116B /* Build configuration list for PBXNativeTarget "MyFoodJournalTests" */ = {
			isa = XCConfigurationList;
			buildConfigurations = (
				374DA76823F5D65A008D116B /* Debug */,
				374DA76923F5D65A008D116B /* Release */,
			);
			defaultConfigurationIsVisible = 0;
			defaultConfigurationName = Release;
		};
		377208AC2291A1F8002DDA29 /* Build configuration list for PBXProject "MyFoodJournal" */ = {
			isa = XCConfigurationList;
			buildConfigurations = (
				377208C42291A1FA002DDA29 /* Debug */,
				377208C52291A1FA002DDA29 /* Release */,
			);
			defaultConfigurationIsVisible = 0;
			defaultConfigurationName = Release;
		};
		377208C62291A1FA002DDA29 /* Build configuration list for PBXNativeTarget "MyFoodJournal" */ = {
			isa = XCConfigurationList;
			buildConfigurations = (
				377208C72291A1FA002DDA29 /* Debug */,
				377208C82291A1FA002DDA29 /* Release */,
			);
			defaultConfigurationIsVisible = 0;
			defaultConfigurationName = Release;
		};
/* End XCConfigurationList section */
	};
	rootObject = 377208A92291A1F8002DDA29 /* Project object */;
}
